// !$*UTF8*$!
{
	archiveVersion = 1;
	classes = {
	};
	objectVersion = 46;
	objects = {

/* Begin PBXBuildFile section */
		245AA54213F67B7200DC8557 /* UIKit.framework in Frameworks */ = {isa = PBXBuildFile; fileRef = 245AA54113F67B7200DC8557 /* UIKit.framework */; };
		245AA54413F67B7200DC8557 /* Foundation.framework in Frameworks */ = {isa = PBXBuildFile; fileRef = 245AA54313F67B7200DC8557 /* Foundation.framework */; };
		245AA54613F67B7200DC8557 /* CoreGraphics.framework in Frameworks */ = {isa = PBXBuildFile; fileRef = 245AA54513F67B7200DC8557 /* CoreGraphics.framework */; };
		245AA54C13F67B7200DC8557 /* InfoPlist.strings in Resources */ = {isa = PBXBuildFile; fileRef = 245AA54A13F67B7200DC8557 /* InfoPlist.strings */; };
		245AA54E13F67B7200DC8557 /* main.m in Sources */ = {isa = PBXBuildFile; fileRef = 245AA54D13F67B7200DC8557 /* main.m */; };
		245AA55213F67B7200DC8557 /* DCTStoryboardingDemoAppDelegate.m in Sources */ = {isa = PBXBuildFile; fileRef = 245AA55113F67B7200DC8557 /* DCTStoryboardingDemoAppDelegate.m */; };
		245AA55513F67B7200DC8557 /* MainStoryboard.storyboard in Resources */ = {isa = PBXBuildFile; fileRef = 245AA55313F67B7200DC8557 /* MainStoryboard.storyboard */; };
		245AA55813F67B7300DC8557 /* MasterViewController.m in Sources */ = {isa = PBXBuildFile; fileRef = 245AA55713F67B7300DC8557 /* MasterViewController.m */; };
		245AA55B13F67B7300DC8557 /* DetailViewController.m in Sources */ = {isa = PBXBuildFile; fileRef = 245AA55A13F67B7300DC8557 /* DetailViewController.m */; };
		245AA5A913F67BAB00DC8557 /* DCTNonAnimatedPresentStoryboardSegue.m in Sources */ = {isa = PBXBuildFile; fileRef = 245AA58813F67BAB00DC8557 /* DCTNonAnimatedPresentStoryboardSegue.m */; };
		245AA5AA13F67BAB00DC8557 /* DCTNonAnimatedPushStoryboardSegue.m in Sources */ = {isa = PBXBuildFile; fileRef = 245AA58A13F67BAB00DC8557 /* DCTNonAnimatedPushStoryboardSegue.m */; };
		245AA5AB13F67BAB00DC8557 /* DCTStoryboarding.m in Sources */ = {isa = PBXBuildFile; fileRef = 245AA58C13F67BAB00DC8557 /* DCTStoryboarding.m */; };
		245AA5AC13F67BAB00DC8557 /* UINavigationController+DCTStoryboarding.m in Sources */ = {isa = PBXBuildFile; fileRef = 245AA58E13F67BAB00DC8557 /* UINavigationController+DCTStoryboarding.m */; };
		245AA5AD13F67BAB00DC8557 /* UITabBarController+DCTStoryboarding.m in Sources */ = {isa = PBXBuildFile; fileRef = 245AA59013F67BAB00DC8557 /* UITabBarController+DCTStoryboarding.m */; };
		245AA5AE13F67BAB00DC8557 /* UIViewController+DCTStoryboarding.m in Sources */ = {isa = PBXBuildFile; fileRef = 245AA59213F67BAB00DC8557 /* UIViewController+DCTStoryboarding.m */; };
/* End PBXBuildFile section */

/* Begin PBXFileReference section */
		245AA53D13F67B7200DC8557 /* DCTStoryboardingDemo.app */ = {isa = PBXFileReference; explicitFileType = wrapper.application; includeInIndex = 0; path = DCTStoryboardingDemo.app; sourceTree = BUILT_PRODUCTS_DIR; };
		245AA54113F67B7200DC8557 /* UIKit.framework */ = {isa = PBXFileReference; lastKnownFileType = wrapper.framework; name = UIKit.framework; path = System/Library/Frameworks/UIKit.framework; sourceTree = SDKROOT; };
		245AA54313F67B7200DC8557 /* Foundation.framework */ = {isa = PBXFileReference; lastKnownFileType = wrapper.framework; name = Foundation.framework; path = System/Library/Frameworks/Foundation.framework; sourceTree = SDKROOT; };
		245AA54513F67B7200DC8557 /* CoreGraphics.framework */ = {isa = PBXFileReference; lastKnownFileType = wrapper.framework; name = CoreGraphics.framework; path = System/Library/Frameworks/CoreGraphics.framework; sourceTree = SDKROOT; };
		245AA54913F67B7200DC8557 /* DCTStoryboardingDemo-Info.plist */ = {isa = PBXFileReference; lastKnownFileType = text.plist.xml; path = "DCTStoryboardingDemo-Info.plist"; sourceTree = "<group>"; };
		245AA54B13F67B7200DC8557 /* en */ = {isa = PBXFileReference; lastKnownFileType = text.plist.strings; name = en; path = en.lproj/InfoPlist.strings; sourceTree = "<group>"; };
		245AA54D13F67B7200DC8557 /* main.m */ = {isa = PBXFileReference; lastKnownFileType = sourcecode.c.objc; path = main.m; sourceTree = "<group>"; };
		245AA54F13F67B7200DC8557 /* DCTStoryboardingDemo-Prefix.pch */ = {isa = PBXFileReference; lastKnownFileType = sourcecode.c.h; path = "DCTStoryboardingDemo-Prefix.pch"; sourceTree = "<group>"; };
		245AA55013F67B7200DC8557 /* DCTStoryboardingDemoAppDelegate.h */ = {isa = PBXFileReference; lastKnownFileType = sourcecode.c.h; path = DCTStoryboardingDemoAppDelegate.h; sourceTree = "<group>"; };
		245AA55113F67B7200DC8557 /* DCTStoryboardingDemoAppDelegate.m */ = {isa = PBXFileReference; lastKnownFileType = sourcecode.c.objc; path = DCTStoryboardingDemoAppDelegate.m; sourceTree = "<group>"; };
		245AA55413F67B7200DC8557 /* en */ = {isa = PBXFileReference; lastKnownFileType = file.storyboard; name = en; path = en.lproj/MainStoryboard.storyboard; sourceTree = "<group>"; };
		245AA55613F67B7200DC8557 /* MasterViewController.h */ = {isa = PBXFileReference; lastKnownFileType = sourcecode.c.h; path = MasterViewController.h; sourceTree = "<group>"; };
		245AA55713F67B7300DC8557 /* MasterViewController.m */ = {isa = PBXFileReference; lastKnownFileType = sourcecode.c.objc; path = MasterViewController.m; sourceTree = "<group>"; };
		245AA55913F67B7300DC8557 /* DetailViewController.h */ = {isa = PBXFileReference; lastKnownFileType = sourcecode.c.h; path = DetailViewController.h; sourceTree = "<group>"; };
		245AA55A13F67B7300DC8557 /* DetailViewController.m */ = {isa = PBXFileReference; lastKnownFileType = sourcecode.c.objc; path = DetailViewController.m; sourceTree = "<group>"; };
		245AA58713F67BAB00DC8557 /* DCTNonAnimatedPresentStoryboardSegue.h */ = {isa = PBXFileReference; fileEncoding = 4; lastKnownFileType = sourcecode.c.h; path = DCTNonAnimatedPresentStoryboardSegue.h; sourceTree = "<group>"; };
		245AA58813F67BAB00DC8557 /* DCTNonAnimatedPresentStoryboardSegue.m */ = {isa = PBXFileReference; fileEncoding = 4; lastKnownFileType = sourcecode.c.objc; path = DCTNonAnimatedPresentStoryboardSegue.m; sourceTree = "<group>"; };
		245AA58913F67BAB00DC8557 /* DCTNonAnimatedPushStoryboardSegue.h */ = {isa = PBXFileReference; fileEncoding = 4; lastKnownFileType = sourcecode.c.h; path = DCTNonAnimatedPushStoryboardSegue.h; sourceTree = "<group>"; };
		245AA58A13F67BAB00DC8557 /* DCTNonAnimatedPushStoryboardSegue.m */ = {isa = PBXFileReference; fileEncoding = 4; lastKnownFileType = sourcecode.c.objc; path = DCTNonAnimatedPushStoryboardSegue.m; sourceTree = "<group>"; };
		245AA58B13F67BAB00DC8557 /* DCTStoryboarding.h */ = {isa = PBXFileReference; fileEncoding = 4; lastKnownFileType = sourcecode.c.h; path = DCTStoryboarding.h; sourceTree = "<group>"; };
		245AA58C13F67BAB00DC8557 /* DCTStoryboarding.m */ = {isa = PBXFileReference; fileEncoding = 4; lastKnownFileType = sourcecode.c.objc; path = DCTStoryboarding.m; sourceTree = "<group>"; };
		245AA58D13F67BAB00DC8557 /* UINavigationController+DCTStoryboarding.h */ = {isa = PBXFileReference; fileEncoding = 4; lastKnownFileType = sourcecode.c.h; path = "UINavigationController+DCTStoryboarding.h"; sourceTree = "<group>"; };
		245AA58E13F67BAB00DC8557 /* UINavigationController+DCTStoryboarding.m */ = {isa = PBXFileReference; fileEncoding = 4; lastKnownFileType = sourcecode.c.objc; path = "UINavigationController+DCTStoryboarding.m"; sourceTree = "<group>"; };
		245AA58F13F67BAB00DC8557 /* UITabBarController+DCTStoryboarding.h */ = {isa = PBXFileReference; fileEncoding = 4; lastKnownFileType = sourcecode.c.h; path = "UITabBarController+DCTStoryboarding.h"; sourceTree = "<group>"; };
		245AA59013F67BAB00DC8557 /* UITabBarController+DCTStoryboarding.m */ = {isa = PBXFileReference; fileEncoding = 4; lastKnownFileType = sourcecode.c.objc; path = "UITabBarController+DCTStoryboarding.m"; sourceTree = "<group>"; };
		245AA59113F67BAB00DC8557 /* UIViewController+DCTStoryboarding.h */ = {isa = PBXFileReference; fileEncoding = 4; lastKnownFileType = sourcecode.c.h; path = "UIViewController+DCTStoryboarding.h"; sourceTree = "<group>"; };
		245AA59213F67BAB00DC8557 /* UIViewController+DCTStoryboarding.m */ = {isa = PBXFileReference; fileEncoding = 4; lastKnownFileType = sourcecode.c.objc; path = "UIViewController+DCTStoryboarding.m"; sourceTree = "<group>"; };
/* End PBXFileReference section */

/* Begin PBXFrameworksBuildPhase section */
		245AA53A13F67B7200DC8557 /* Frameworks */ = {
			isa = PBXFrameworksBuildPhase;
			buildActionMask = 2147483647;
			files = (
				245AA54213F67B7200DC8557 /* UIKit.framework in Frameworks */,
				245AA54413F67B7200DC8557 /* Foundation.framework in Frameworks */,
				245AA54613F67B7200DC8557 /* CoreGraphics.framework in Frameworks */,
			);
			runOnlyForDeploymentPostprocessing = 0;
		};
/* End PBXFrameworksBuildPhase section */

/* Begin PBXGroup section */
		245AA53213F67B7200DC8557 = {
			isa = PBXGroup;
			children = (
				245AA56113F67BAB00DC8557 /* DCTStoryboarding */,
				245AA54713F67B7200DC8557 /* DCTStoryboardingDemo */,
				245AA54013F67B7200DC8557 /* Frameworks */,
				245AA53E13F67B7200DC8557 /* Products */,
			);
			sourceTree = "<group>";
		};
		245AA53E13F67B7200DC8557 /* Products */ = {
			isa = PBXGroup;
			children = (
				245AA53D13F67B7200DC8557 /* DCTStoryboardingDemo.app */,
			);
			name = Products;
			sourceTree = "<group>";
		};
		245AA54013F67B7200DC8557 /* Frameworks */ = {
			isa = PBXGroup;
			children = (
				245AA54113F67B7200DC8557 /* UIKit.framework */,
				245AA54313F67B7200DC8557 /* Foundation.framework */,
				245AA54513F67B7200DC8557 /* CoreGraphics.framework */,
			);
			name = Frameworks;
			sourceTree = "<group>";
		};
		245AA54713F67B7200DC8557 /* DCTStoryboardingDemo */ = {
			isa = PBXGroup;
			children = (
				245AA55013F67B7200DC8557 /* DCTStoryboardingDemoAppDelegate.h */,
				245AA55113F67B7200DC8557 /* DCTStoryboardingDemoAppDelegate.m */,
				245AA55313F67B7200DC8557 /* MainStoryboard.storyboard */,
				245AA55613F67B7200DC8557 /* MasterViewController.h */,
				245AA55713F67B7300DC8557 /* MasterViewController.m */,
				245AA55913F67B7300DC8557 /* DetailViewController.h */,
				245AA55A13F67B7300DC8557 /* DetailViewController.m */,
				245AA54813F67B7200DC8557 /* Supporting Files */,
			);
			path = DCTStoryboardingDemo;
			sourceTree = "<group>";
		};
		245AA54813F67B7200DC8557 /* Supporting Files */ = {
			isa = PBXGroup;
			children = (
				245AA54913F67B7200DC8557 /* DCTStoryboardingDemo-Info.plist */,
				245AA54A13F67B7200DC8557 /* InfoPlist.strings */,
				245AA54D13F67B7200DC8557 /* main.m */,
				245AA54F13F67B7200DC8557 /* DCTStoryboardingDemo-Prefix.pch */,
			);
			name = "Supporting Files";
			sourceTree = "<group>";
		};
		245AA56113F67BAB00DC8557 /* DCTStoryboarding */ = {
			isa = PBXGroup;
			children = (
				245AA58713F67BAB00DC8557 /* DCTNonAnimatedPresentStoryboardSegue.h */,
				245AA58813F67BAB00DC8557 /* DCTNonAnimatedPresentStoryboardSegue.m */,
				245AA58913F67BAB00DC8557 /* DCTNonAnimatedPushStoryboardSegue.h */,
				245AA58A13F67BAB00DC8557 /* DCTNonAnimatedPushStoryboardSegue.m */,
				245AA58B13F67BAB00DC8557 /* DCTStoryboarding.h */,
				245AA58C13F67BAB00DC8557 /* DCTStoryboarding.m */,
				245AA58D13F67BAB00DC8557 /* UINavigationController+DCTStoryboarding.h */,
				245AA58E13F67BAB00DC8557 /* UINavigationController+DCTStoryboarding.m */,
				245AA58F13F67BAB00DC8557 /* UITabBarController+DCTStoryboarding.h */,
				245AA59013F67BAB00DC8557 /* UITabBarController+DCTStoryboarding.m */,
				245AA59113F67BAB00DC8557 /* UIViewController+DCTStoryboarding.h */,
				245AA59213F67BAB00DC8557 /* UIViewController+DCTStoryboarding.m */,
			);
			path = DCTStoryboarding;
			sourceTree = "<group>";
		};
/* End PBXGroup section */

/* Begin PBXNativeTarget section */
		245AA53C13F67B7200DC8557 /* DCTStoryboardingDemo */ = {
			isa = PBXNativeTarget;
			buildConfigurationList = 245AA55E13F67B7300DC8557 /* Build configuration list for PBXNativeTarget "DCTStoryboardingDemo" */;
			buildPhases = (
				245AA53913F67B7200DC8557 /* Sources */,
				245AA53A13F67B7200DC8557 /* Frameworks */,
				245AA53B13F67B7200DC8557 /* Resources */,
			);
			buildRules = (
			);
			dependencies = (
			);
			name = DCTStoryboardingDemo;
			productName = DCTStoryboardingDemo;
			productReference = 245AA53D13F67B7200DC8557 /* DCTStoryboardingDemo.app */;
			productType = "com.apple.product-type.application";
		};
/* End PBXNativeTarget section */

/* Begin PBXProject section */
		245AA53413F67B7200DC8557 /* Project object */ = {
			isa = PBXProject;
			attributes = {
				ORGANIZATIONNAME = "Daniel Tull";
			};
			buildConfigurationList = 245AA53713F67B7200DC8557 /* Build configuration list for PBXProject "DCTStoryboardingDemo" */;
			compatibilityVersion = "Xcode 3.2";
			developmentRegion = English;
			hasScannedForEncodings = 0;
			knownRegions = (
				en,
			);
			mainGroup = 245AA53213F67B7200DC8557;
			productRefGroup = 245AA53E13F67B7200DC8557 /* Products */;
			projectDirPath = "";
			projectRoot = "";
			targets = (
				245AA53C13F67B7200DC8557 /* DCTStoryboardingDemo */,
			);
		};
/* End PBXProject section */

/* Begin PBXResourcesBuildPhase section */
		245AA53B13F67B7200DC8557 /* Resources */ = {
			isa = PBXResourcesBuildPhase;
			buildActionMask = 2147483647;
			files = (
				245AA54C13F67B7200DC8557 /* InfoPlist.strings in Resources */,
				245AA55513F67B7200DC8557 /* MainStoryboard.storyboard in Resources */,
			);
			runOnlyForDeploymentPostprocessing = 0;
		};
/* End PBXResourcesBuildPhase section */

/* Begin PBXSourcesBuildPhase section */
		245AA53913F67B7200DC8557 /* Sources */ = {
			isa = PBXSourcesBuildPhase;
			buildActionMask = 2147483647;
			files = (
				245AA54E13F67B7200DC8557 /* main.m in Sources */,
				245AA55213F67B7200DC8557 /* DCTStoryboardingDemoAppDelegate.m in Sources */,
				245AA55813F67B7300DC8557 /* MasterViewController.m in Sources */,
				245AA55B13F67B7300DC8557 /* DetailViewController.m in Sources */,
				245AA5A913F67BAB00DC8557 /* DCTNonAnimatedPresentStoryboardSegue.m in Sources */,
				245AA5AA13F67BAB00DC8557 /* DCTNonAnimatedPushStoryboardSegue.m in Sources */,
				245AA5AB13F67BAB00DC8557 /* DCTStoryboarding.m in Sources */,
				245AA5AC13F67BAB00DC8557 /* UINavigationController+DCTStoryboarding.m in Sources */,
				245AA5AD13F67BAB00DC8557 /* UITabBarController+DCTStoryboarding.m in Sources */,
				245AA5AE13F67BAB00DC8557 /* UIViewController+DCTStoryboarding.m in Sources */,
			);
			runOnlyForDeploymentPostprocessing = 0;
		};
/* End PBXSourcesBuildPhase section */

/* Begin PBXVariantGroup section */
		245AA54A13F67B7200DC8557 /* InfoPlist.strings */ = {
			isa = PBXVariantGroup;
			children = (
				245AA54B13F67B7200DC8557 /* en */,
			);
			name = InfoPlist.strings;
			sourceTree = "<group>";
		};
		245AA55313F67B7200DC8557 /* MainStoryboard.storyboard */ = {
			isa = PBXVariantGroup;
			children = (
				245AA55413F67B7200DC8557 /* en */,
			);
			name = MainStoryboard.storyboard;
			sourceTree = "<group>";
		};
/* End PBXVariantGroup section */

/* Begin XCBuildConfiguration section */
		245AA55C13F67B7300DC8557 /* Debug */ = {
			isa = XCBuildConfiguration;
			buildSettings = {
				ALWAYS_SEARCH_USER_PATHS = NO;
				ARCHS = "$(ARCHS_STANDARD_32_BIT)";
				CLANG_ENABLE_OBJC_ARC = YES;
				"CODE_SIGN_IDENTITY[sdk=iphoneos*]" = "iPhone Developer";
				COPY_PHASE_STRIP = NO;
				GCC_C_LANGUAGE_STANDARD = gnu99;
				GCC_DYNAMIC_NO_PIC = NO;
				GCC_OPTIMIZATION_LEVEL = 0;
				GCC_PREPROCESSOR_DEFINITIONS = (
					"DEBUG=1",
					"$(inherited)",
				);
				GCC_SYMBOLS_PRIVATE_EXTERN = NO;
				GCC_VERSION = com.apple.compilers.llvm.clang.1_0;
				GCC_WARN_ABOUT_MISSING_PROTOTYPES = YES;
				GCC_WARN_ABOUT_RETURN_TYPE = YES;
				GCC_WARN_UNUSED_VARIABLE = YES;
				IPHONEOS_DEPLOYMENT_TARGET = 5.0;
				SDKROOT = iphoneos;
			};
			name = Debug;
		};
		245AA55D13F67B7300DC8557 /* Release */ = {
			isa = XCBuildConfiguration;
			buildSettings = {
				ALWAYS_SEARCH_USER_PATHS = NO;
				ARCHS = "$(ARCHS_STANDARD_32_BIT)";
				CLANG_ENABLE_OBJC_ARC = YES;
				"CODE_SIGN_IDENTITY[sdk=iphoneos*]" = "iPhone Developer";
				COPY_PHASE_STRIP = YES;
				GCC_C_LANGUAGE_STANDARD = gnu99;
				GCC_VERSION = com.apple.compilers.llvm.clang.1_0;
				GCC_WARN_ABOUT_MISSING_PROTOTYPES = YES;
				GCC_WARN_ABOUT_RETURN_TYPE = YES;
				GCC_WARN_UNUSED_VARIABLE = YES;
				IPHONEOS_DEPLOYMENT_TARGET = 5.0;
				OTHER_CFLAGS = "-DNS_BLOCK_ASSERTIONS=1";
				SDKROOT = iphoneos;
				VALIDATE_PRODUCT = YES;
			};
			name = Release;
		};
		245AA55F13F67B7300DC8557 /* Debug */ = {
			isa = XCBuildConfiguration;
			buildSettings = {
				GCC_PRECOMPILE_PREFIX_HEADER = YES;
				GCC_PREFIX_HEADER = "DCTStoryboardingDemo/DCTStoryboardingDemo-Prefix.pch";
				INFOPLIST_FILE = "DCTStoryboardingDemo/DCTStoryboardingDemo-Info.plist";
				PRODUCT_NAME = "$(TARGET_NAME)";
				WRAPPER_EXTENSION = app;
			};
			name = Debug;
		};
		245AA56013F67B7300DC8557 /* Release */ = {
			isa = XCBuildConfiguration;
			buildSettings = {
				GCC_PRECOMPILE_PREFIX_HEADER = YES;
				GCC_PREFIX_HEADER = "DCTStoryboardingDemo/DCTStoryboardingDemo-Prefix.pch";
				INFOPLIST_FILE = "DCTStoryboardingDemo/DCTStoryboardingDemo-Info.plist";
				PRODUCT_NAME = "$(TARGET_NAME)";
				WRAPPER_EXTENSION = app;
			};
			name = Release;
		};
/* End XCBuildConfiguration section */

/* Begin XCConfigurationList section */
		245AA53713F67B7200DC8557 /* Build configuration list for PBXProject "DCTStoryboardingDemo" */ = {
			isa = XCConfigurationList;
			buildConfigurations = (
				245AA55C13F67B7300DC8557 /* Debug */,
				245AA55D13F67B7300DC8557 /* Release */,
			);
			defaultConfigurationIsVisible = 0;
			defaultConfigurationName = Release;
		};
		245AA55E13F67B7300DC8557 /* Build configuration list for PBXNativeTarget "DCTStoryboardingDemo" */ = {
			isa = XCConfigurationList;
			buildConfigurations = (
				245AA55F13F67B7300DC8557 /* Debug */,
				245AA56013F67B7300DC8557 /* Release */,
			);
			defaultConfigurationIsVisible = 0;
		};
/* End XCConfigurationList section */
	};
	rootObject = 245AA53413F67B7200DC8557 /* Project object */;
}
